<Solution>
  <Project Path="Employee.API/Employee.API.csproj" />
  <Project Path="Employee.Application/Employee.Application.csproj" />
  <Project Path="Employee.Domain/Employee.Domain.csproj" />
  <Project Path="Employee.Infrastructure/Employee.Infrastructure.csproj" />
  <Project Path="Employee.Tests/Employee.Tests.csproj" />
</Solution>
